
Microsoft Visual Studio Solution File, Format Version 12.00
# Visual Studio 15
VisualStudioVersion = 15.0.28307.757
MinimumVisualStudioVersion = 10.0.40219.1
Project("{FAE04EC0-301F-11D3-BF4B-00C04F79EFBC}") = "İşbirSünger", "İşbirSünger\İşbirSünger.csproj", "{D8B1F679-BBFA-45C3-AEAA-F3A8024E689B}"
EndProject
Global
	GlobalSection(SolutionConfigurationPlatforms) = preSolution
		Debug|Any CPU = Debug|Any CPU
		Release|Any CPU = Release|Any CPU
	EndGlobalSection
	GlobalSection(ProjectConfigurationPlatforms) = postSolution
		{D8B1F679-BBFA-45C3-AEAA-F3A8024E689B}.Debug|Any CPU.ActiveCfg = Debug|Any CPU
		{D8B1F679-BBFA-45C3-AEAA-F3A8024E689B}.Debug|Any CPU.Build.0 = Debug|Any CPU
		{D8B1F679-BBFA-45C3-AEAA-F3A8024E689B}.Release|Any CPU.ActiveCfg = Release|Any CPU
		{D8B1F679-BBFA-45C3-AEAA-F3A8024E689B}.Release|Any CPU.Build.0 = Release|Any CPU
	EndGlobalSection
	GlobalSection(SolutionProperties) = preSolution
		HideSolutionNode = FALSE
	EndGlobalSection
	GlobalSection(ExtensibilityGlobals) = postSolution
		SolutionGuid = {BED3269F-3918-4AA5-8490-561445489E6F}
	EndGlobalSection
EndGlobal
